
Microsoft Visual Studio Solution File, Format Version 12.00
# Visual Studio 15
VisualStudioVersion = 15.0.28010.2016
MinimumVisualStudioVersion = 10.0.40219.1
Project("{FAE04EC0-301F-11D3-BF4B-00C04F79EFBC}") = "WebApi", "WebApi\WebApi.csproj", "{D0B05181-B956-4AC3-AAB4-435C6C7AAD48}"
EndProject
Global
	GlobalSection(SolutionConfigurationPlatforms) = preSolution
		Debug|Any CPU = Debug|Any CPU
		Release|Any CPU = Release|Any CPU
	EndGlobalSection
	GlobalSection(ProjectConfigurationPlatforms) = postSolution
		{D0B05181-B956-4AC3-AAB4-435C6C7AAD48}.Debug|Any CPU.ActiveCfg = Debug|Any CPU
		{D0B05181-B956-4AC3-AAB4-435C6C7AAD48}.Debug|Any CPU.Build.0 = Debug|Any CPU
		{D0B05181-B956-4AC3-AAB4-435C6C7AAD48}.Release|Any CPU.ActiveCfg = Release|Any CPU
		{D0B05181-B956-4AC3-AAB4-435C6C7AAD48}.Release|Any CPU.Build.0 = Release|Any CPU
	EndGlobalSection
	GlobalSection(SolutionProperties) = preSolution
		HideSolutionNode = FALSE
	EndGlobalSection
	GlobalSection(ExtensibilityGlobals) = postSolution
		SolutionGuid = {B505105A-6568-4D02-8F05-7E94BAAF51E8}
	EndGlobalSection
EndGlobal
